Microsoft Visual Studio Solution File, Format Version 12.00
# Visual Studio Version 17
VisualStudioVersion = 17.5.2.0
MinimumVisualStudioVersion = 10.0.40219.1
Project("{FAE04EC0-301F-11D3-BF4B-00C04F79EFBC}") = "ITAssetManagement", "ITAssetManagement.csproj", "{7A1A88EB-ADF3-A1D8-5D61-74E74A5B0B5C}"
EndProject
Global
	GlobalSection(SolutionConfigurationPlatforms) = preSolution
		Debug|Any CPU = Debug|Any CPU
		Release|Any CPU = Release|Any CPU
	EndGlobalSection
	GlobalSection(ProjectConfigurationPlatforms) = postSolution
		{7A1A88EB-ADF3-A1D8-5D61-74E74A5B0B5C}.Debug|Any CPU.ActiveCfg = Debug|Any CPU
		{7A1A88EB-ADF3-A1D8-5D61-74E74A5B0B5C}.Debug|Any CPU.Build.0 = Debug|Any CPU
		{7A1A88EB-ADF3-A1D8-5D61-74E74A5B0B5C}.Release|Any CPU.ActiveCfg = Release|Any CPU
		{7A1A88EB-ADF3-A1D8-5D61-74E74A5B0B5C}.Release|Any CPU.Build.0 = Release|Any CPU
	EndGlobalSection
	GlobalSection(SolutionProperties) = preSolution
		HideSolutionNode = FALSE
	EndGlobalSection
	GlobalSection(ExtensibilityGlobals) = postSolution
		SolutionGuid = {4650AFC0-685A-4C74-8456-5DB54F85BC78}
	EndGlobalSection
EndGlobal
